
Microsoft Visual Studio Solution File, Format Version 12.00
# Visual Studio Version 17
VisualStudioVersion = 17.4.33403.182
MinimumVisualStudioVersion = 10.0.40219.1
Project("{9A19103F-16F7-4668-BE54-9A1E7A4F7556}") = "AppConfigDemo", "AppConfigDemo.csproj", "{97D0ADC1-4942-4339-8C56-632A980C732A}"
EndProject
Project("{9A19103F-16F7-4668-BE54-9A1E7A4F7556}") = "Azure.Core.Experimental", "..\..\..\azure-sdk-for-net\sdk\core\Azure.Core.Experimental\src\Azure.Core.Experimental.csproj", "{1A90A7C2-0502-478F-89A1-79000913CE9F}"
EndProject
Global
	GlobalSection(SolutionConfigurationPlatforms) = preSolution
		Debug|Any CPU = Debug|Any CPU
		Release|Any CPU = Release|Any CPU
	EndGlobalSection
	GlobalSection(ProjectConfigurationPlatforms) = postSolution
		{97D0ADC1-4942-4339-8C56-632A980C732A}.Debug|Any CPU.ActiveCfg = Debug|Any CPU
		{97D0ADC1-4942-4339-8C56-632A980C732A}.Debug|Any CPU.Build.0 = Debug|Any CPU
		{97D0ADC1-4942-4339-8C56-632A980C732A}.Release|Any CPU.ActiveCfg = Release|Any CPU
		{97D0ADC1-4942-4339-8C56-632A980C732A}.Release|Any CPU.Build.0 = Release|Any CPU
		{1A90A7C2-0502-478F-89A1-79000913CE9F}.Debug|Any CPU.ActiveCfg = Debug|Any CPU
		{1A90A7C2-0502-478F-89A1-79000913CE9F}.Debug|Any CPU.Build.0 = Debug|Any CPU
		{1A90A7C2-0502-478F-89A1-79000913CE9F}.Release|Any CPU.ActiveCfg = Release|Any CPU
		{1A90A7C2-0502-478F-89A1-79000913CE9F}.Release|Any CPU.Build.0 = Release|Any CPU
	EndGlobalSection
	GlobalSection(SolutionProperties) = preSolution
		HideSolutionNode = FALSE
	EndGlobalSection
	GlobalSection(ExtensibilityGlobals) = postSolution
		SolutionGuid = {B9540F69-177F-4095-B6C7-3729FF71E595}
	EndGlobalSection
EndGlobal
